
Microsoft Visual Studio Solution File, Format Version 12.00
# Visual Studio Version 17
VisualStudioVersion = 17.0.32112.339
MinimumVisualStudioVersion = 10.0.40219.1
Project("{FAE04EC0-301F-11D3-BF4B-00C04F79EFBC}") = "aula7", "aula7\aula7.csproj", "{712A56A2-8706-459C-BA8D-1085020B91CC}"
EndProject
Global
	GlobalSection(SolutionConfigurationPlatforms) = preSolution
		Debug|Any CPU = Debug|Any CPU
		Release|Any CPU = Release|Any CPU
	EndGlobalSection
	GlobalSection(ProjectConfigurationPlatforms) = postSolution
		{712A56A2-8706-459C-BA8D-1085020B91CC}.Debug|Any CPU.ActiveCfg = Debug|Any CPU
		{712A56A2-8706-459C-BA8D-1085020B91CC}.Debug|Any CPU.Build.0 = Debug|Any CPU
		{712A56A2-8706-459C-BA8D-1085020B91CC}.Release|Any CPU.ActiveCfg = Release|Any CPU
		{712A56A2-8706-459C-BA8D-1085020B91CC}.Release|Any CPU.Build.0 = Release|Any CPU
	EndGlobalSection
	GlobalSection(SolutionProperties) = preSolution
		HideSolutionNode = FALSE
	EndGlobalSection
	GlobalSection(ExtensibilityGlobals) = postSolution
		SolutionGuid = {DF6DCA94-A184-4AEE-B3E6-D959EBCA0796}
	EndGlobalSection
EndGlobal
